{
  "version": 4,
  "terraform_version": "1.11.4",
  "serial": 6,
  "lineage": "fd281517-b85f-7668-c13e-c7fa94023600",
  "outputs": {
    "acr_login_server": {
      "value": "rajtharanacrregistry.azurecr.io",
      "type": "string"
    },
    "aks_cluster_name": {
      "value": "rajtharan-aks-cluster",
      "type": "string"
    },
    "resource_group_name": {
      "value": "rajtharan-devops-rg",
      "type": "string"
    }
  },
  "resources": [
    {
      "mode": "managed",
      "type": "azurerm_container_registry",
      "name": "acr",
      "provider": "provider[\"registry.terraform.io/hashicorp/azurerm\"]",
      "instances": [
        {
          "schema_version": 2,
          "attributes": {
            "admin_enabled": true,
            "admin_password": "/GFpSNfAPMxMYqt3D9qIucXJ4b4axGHSJFmwN/T2pm+ACRBaMQUg",
            "admin_username": "rajtharanacrregistry",
            "anonymous_pull_enabled": false,
            "data_endpoint_enabled": false,
            "encryption": [],
            "export_policy_enabled": true,
            "georeplications": [],
            "id": "/subscriptions/c61832b7-438a-45e7-8d88-aafb995db5e1/resourceGroups/rajtharan-devops-rg/providers/Microsoft.ContainerRegistry/registries/rajtharanacrregistry",
            "identity": [],
            "location": "eastus",
            "login_server": "rajtharanacrregistry.azurecr.io",
            "name": "rajtharanacrregistry",
            "network_rule_bypass_option": "AzureServices",
            "network_rule_set": [],
            "public_network_access_enabled": true,
            "quarantine_policy_enabled": false,
            "resource_group_name": "rajtharan-devops-rg",
            "retention_policy_in_days": 0,
            "sku": "Basic",
            "tags": {},
            "timeouts": null,
            "trust_policy_enabled": false,
            "zone_redundancy_enabled": false
          },
          "sensitive_attributes": [
            [
              {
                "type": "get_attr",
                "value": "admin_password"
              }
            ]
          ],
          "private": "eyJlMmJmYjczMC1lY2FhLTExZTYtOGY4OC0zNDM2M2JjN2M0YzAiOnsiY3JlYXRlIjoxODAwMDAwMDAwMDAwLCJkZWxldGUiOjE4MDAwMDAwMDAwMDAsInJlYWQiOjMwMDAwMDAwMDAwMCwidXBkYXRlIjoxODAwMDAwMDAwMDAwfSwic2NoZW1hX3ZlcnNpb24iOiIyIn0=",
          "dependencies": [
            "azurerm_resource_group.rg"
          ]
        }
      ]
    },
    {
      "mode": "managed",
      "type": "azurerm_resource_group",
      "name": "rg",
      "provider": "provider[\"registry.terraform.io/hashicorp/azurerm\"]",
      "instances": [
        {
          "schema_version": 0,
          "attributes": {
            "id": "/subscriptions/c61832b7-438a-45e7-8d88-aafb995db5e1/resourceGroups/rajtharan-devops-rg",
            "location": "eastus",
            "managed_by": "",
            "name": "rajtharan-devops-rg",
            "tags": {},
            "timeouts": null
          },
          "sensitive_attributes": [],
          "private": "eyJlMmJmYjczMC1lY2FhLTExZTYtOGY4OC0zNDM2M2JjN2M0YzAiOnsiY3JlYXRlIjo1NDAwMDAwMDAwMDAwLCJkZWxldGUiOjU0MDAwMDAwMDAwMDAsInJlYWQiOjMwMDAwMDAwMDAwMCwidXBkYXRlIjo1NDAwMDAwMDAwMDAwfX0="
        }
      ]
    }
  ],
  "check_results": null
}
